// !$*UTF8*$!
{
	archiveVersion = 1;
	classes = {
	};
	objectVersion = 50;
	objects = {

/* Begin PBXBuildFile section */
		636B389A2572888500CFB8BA /* TaskDetailView.swift in Sources */ = {isa = PBXBuildFile; fileRef = 636B38992572888500CFB8BA /* TaskDetailView.swift */; };
		636B389F25728CE000CFB8BA /* Task.swift in Sources */ = {isa = PBXBuildFile; fileRef = 636B389E25728CE000CFB8BA /* Task.swift */; };
		6380367B2572793F00215D04 /* SimpleTodoApp.swift in Sources */ = {isa = PBXBuildFile; fileRef = 6380367A2572793F00215D04 /* SimpleTodoApp.swift */; };
		6380367D2572793F00215D04 /* ContentView.swift in Sources */ = {isa = PBXBuildFile; fileRef = 6380367C2572793F00215D04 /* ContentView.swift */; };
		6380367F2572793F00215D04 /* Assets.xcassets in Resources */ = {isa = PBXBuildFile; fileRef = 6380367E2572793F00215D04 /* Assets.xcassets */; };
		638036822572793F00215D04 /* Preview Assets.xcassets in Resources */ = {isa = PBXBuildFile; fileRef = 638036812572793F00215D04 /* Preview Assets.xcassets */; };
		638036842572793F00215D04 /* Persistence.swift in Sources */ = {isa = PBXBuildFile; fileRef = 638036832572793F00215D04 /* Persistence.swift */; };
		638036872572793F00215D04 /* SimpleTodo.xcdatamodeld in Sources */ = {isa = PBXBuildFile; fileRef = 638036852572793F00215D04 /* SimpleTodo.xcdatamodeld */; };
		63803690257279EB00215D04 /* MainList.swift in Sources */ = {isa = PBXBuildFile; fileRef = 6380368F257279EB00215D04 /* MainList.swift */; };
		6380369325727F6100215D04 /* MainListViewModel.swift in Sources */ = {isa = PBXBuildFile; fileRef = 6380369225727F6100215D04 /* MainListViewModel.swift */; };
/* End PBXBuildFile section */

/* Begin PBXFileReference section */
		636B38992572888500CFB8BA /* TaskDetailView.swift */ = {isa = PBXFileReference; lastKnownFileType = sourcecode.swift; path = TaskDetailView.swift; sourceTree = "<group>"; };
		636B389E25728CE000CFB8BA /* Task.swift */ = {isa = PBXFileReference; lastKnownFileType = sourcecode.swift; path = Task.swift; sourceTree = "<group>"; };
		638036772572793F00215D04 /* SimpleTodo.app */ = {isa = PBXFileReference; explicitFileType = wrapper.application; includeInIndex = 0; path = SimpleTodo.app; sourceTree = BUILT_PRODUCTS_DIR; };
		6380367A2572793F00215D04 /* SimpleTodoApp.swift */ = {isa = PBXFileReference; lastKnownFileType = sourcecode.swift; path = SimpleTodoApp.swift; sourceTree = "<group>"; };
		6380367C2572793F00215D04 /* ContentView.swift */ = {isa = PBXFileReference; lastKnownFileType = sourcecode.swift; path = ContentView.swift; sourceTree = "<group>"; };
		6380367E2572793F00215D04 /* Assets.xcassets */ = {isa = PBXFileReference; lastKnownFileType = folder.assetcatalog; path = Assets.xcassets; sourceTree = "<group>"; };
		638036812572793F00215D04 /* Preview Assets.xcassets */ = {isa = PBXFileReference; lastKnownFileType = folder.assetcatalog; path = "Preview Assets.xcassets"; sourceTree = "<group>"; };
		638036832572793F00215D04 /* Persistence.swift */ = {isa = PBXFileReference; lastKnownFileType = sourcecode.swift; path = Persistence.swift; sourceTree = "<group>"; };
		638036862572793F00215D04 /* SimpleTodo.xcdatamodel */ = {isa = PBXFileReference; lastKnownFileType = wrapper.xcdatamodel; path = SimpleTodo.xcdatamodel; sourceTree = "<group>"; };
		638036882572793F00215D04 /* Info.plist */ = {isa = PBXFileReference; lastKnownFileType = text.plist.xml; path = Info.plist; sourceTree = "<group>"; };
		6380368F257279EB00215D04 /* MainList.swift */ = {isa = PBXFileReference; lastKnownFileType = sourcecode.swift; path = MainList.swift; sourceTree = "<group>"; };
		6380369225727F6100215D04 /* MainListViewModel.swift */ = {isa = PBXFileReference; lastKnownFileType = sourcecode.swift; path = MainListViewModel.swift; sourceTree = "<group>"; };
/* End PBXFileReference section */

/* Begin PBXFrameworksBuildPhase section */
		638036742572793F00215D04 /* Frameworks */ = {
			isa = PBXFrameworksBuildPhase;
			buildActionMask = 2147483647;
			files = (
			);
			runOnlyForDeploymentPostprocessing = 0;
		};
/* End PBXFrameworksBuildPhase section */

/* Begin PBXGroup section */
		636B38982572887500CFB8BA /* TaskDetail */ = {
			isa = PBXGroup;
			children = (
				636B38992572888500CFB8BA /* TaskDetailView.swift */,
			);
			path = TaskDetail;
			sourceTree = "<group>";
		};
		636B389D25728CD500CFB8BA /* Model */ = {
			isa = PBXGroup;
			children = (
				636B389E25728CE000CFB8BA /* Task.swift */,
			);
			path = Model;
			sourceTree = "<group>";
		};
		6380366E2572793F00215D04 = {
			isa = PBXGroup;
			children = (
				638036792572793F00215D04 /* SimpleTodo */,
				638036782572793F00215D04 /* Products */,
			);
			sourceTree = "<group>";
		};
		638036782572793F00215D04 /* Products */ = {
			isa = PBXGroup;
			children = (
				638036772572793F00215D04 /* SimpleTodo.app */,
			);
			name = Products;
			sourceTree = "<group>";
		};
		638036792572793F00215D04 /* SimpleTodo */ = {
			isa = PBXGroup;
			children = (
				6380367A2572793F00215D04 /* SimpleTodoApp.swift */,
				6380369825727F7300215D04 /* Persistence */,
				636B389D25728CD500CFB8BA /* Model */,
				6380369525727F6300215D04 /* Scenes */,
				6380367E2572793F00215D04 /* Assets.xcassets */,
				638036882572793F00215D04 /* Info.plist */,
				638036852572793F00215D04 /* SimpleTodo.xcdatamodeld */,
				638036802572793F00215D04 /* Preview Content */,
			);
			path = SimpleTodo;
			sourceTree = "<group>";
		};
		638036802572793F00215D04 /* Preview Content */ = {
			isa = PBXGroup;
			children = (
				638036812572793F00215D04 /* Preview Assets.xcassets */,
			);
			path = "Preview Content";
			sourceTree = "<group>";
		};
		6380369525727F6300215D04 /* Scenes */ = {
			isa = PBXGroup;
			children = (
				6380367C2572793F00215D04 /* ContentView.swift */,
				636B38982572887500CFB8BA /* TaskDetail */,
				6380369725727F6800215D04 /* MainList */,
			);
			path = Scenes;
			sourceTree = "<group>";
		};
		6380369725727F6800215D04 /* MainList */ = {
			isa = PBXGroup;
			children = (
				6380368F257279EB00215D04 /* MainList.swift */,
				6380369225727F6100215D04 /* MainListViewModel.swift */,
			);
			path = MainList;
			sourceTree = "<group>";
		};
		6380369825727F7300215D04 /* Persistence */ = {
			isa = PBXGroup;
			children = (
				638036832572793F00215D04 /* Persistence.swift */,
			);
			path = Persistence;
			sourceTree = "<group>";
		};
/* End PBXGroup section */

/* Begin PBXNativeTarget section */
		638036762572793F00215D04 /* SimpleTodo */ = {
			isa = PBXNativeTarget;
			buildConfigurationList = 6380368B2572793F00215D04 /* Build configuration list for PBXNativeTarget "SimpleTodo" */;
			buildPhases = (
				638036732572793F00215D04 /* Sources */,
				638036742572793F00215D04 /* Frameworks */,
				638036752572793F00215D04 /* Resources */,
			);
			buildRules = (
			);
			dependencies = (
			);
			name = SimpleTodo;
			productName = SimpleTodo;
			productReference = 638036772572793F00215D04 /* SimpleTodo.app */;
			productType = "com.apple.product-type.application";
		};
/* End PBXNativeTarget section */

/* Begin PBXProject section */
		6380366F2572793F00215D04 /* Project object */ = {
			isa = PBXProject;
			attributes = {
				LastSwiftUpdateCheck = 1220;
				LastUpgradeCheck = 1220;
				TargetAttributes = {
					638036762572793F00215D04 = {
						CreatedOnToolsVersion = 12.2;
					};
				};
			};
			buildConfigurationList = 638036722572793F00215D04 /* Build configuration list for PBXProject "SimpleTodo" */;
			compatibilityVersion = "Xcode 9.3";
			developmentRegion = en;
			hasScannedForEncodings = 0;
			knownRegions = (
				en,
				Base,
			);
			mainGroup = 6380366E2572793F00215D04;
			productRefGroup = 638036782572793F00215D04 /* Products */;
			projectDirPath = "";
			projectRoot = "";
			targets = (
				638036762572793F00215D04 /* SimpleTodo */,
			);
		};
/* End PBXProject section */

/* Begin PBXResourcesBuildPhase section */
		638036752572793F00215D04 /* Resources */ = {
			isa = PBXResourcesBuildPhase;
			buildActionMask = 2147483647;
			files = (
				638036822572793F00215D04 /* Preview Assets.xcassets in Resources */,
				6380367F2572793F00215D04 /* Assets.xcassets in Resources */,
			);
			runOnlyForDeploymentPostprocessing = 0;
		};
/* End PBXResourcesBuildPhase section */

/* Begin PBXSourcesBuildPhase section */
		638036732572793F00215D04 /* Sources */ = {
			isa = PBXSourcesBuildPhase;
			buildActionMask = 2147483647;
			files = (
				636B389F25728CE000CFB8BA /* Task.swift in Sources */,
				636B389A2572888500CFB8BA /* TaskDetailView.swift in Sources */,
				638036842572793F00215D04 /* Persistence.swift in Sources */,
				6380369325727F6100215D04 /* MainListViewModel.swift in Sources */,
				63803690257279EB00215D04 /* MainList.swift in Sources */,
				6380367D2572793F00215D04 /* ContentView.swift in Sources */,
				6380367B2572793F00215D04 /* SimpleTodoApp.swift in Sources */,
				638036872572793F00215D04 /* SimpleTodo.xcdatamodeld in Sources */,
			);
			runOnlyForDeploymentPostprocessing = 0;
		};
/* End PBXSourcesBuildPhase section */

/* Begin XCBuildConfiguration section */
		638036892572793F00215D04 /* Debug */ = {
			isa = XCBuildConfiguration;
			buildSettings = {
				ALWAYS_SEARCH_USER_PATHS = NO;
				CLANG_ANALYZER_NONNULL = YES;
				CLANG_ANALYZER_NUMBER_OBJECT_CONVERSION = YES_AGGRESSIVE;
				CLANG_CXX_LANGUAGE_STANDARD = "gnu++14";
				CLANG_CXX_LIBRARY = "libc++";
				CLANG_ENABLE_MODULES = YES;
				CLANG_ENABLE_OBJC_ARC = YES;
				CLANG_ENABLE_OBJC_WEAK = YES;
				CLANG_WARN_BLOCK_CAPTURE_AUTORELEASING = YES;
				CLANG_WARN_BOOL_CONVERSION = YES;
				CLANG_WARN_COMMA = YES;
				CLANG_WARN_CONSTANT_CONVERSION = YES;
				CLANG_WARN_DEPRECATED_OBJC_IMPLEMENTATIONS = YES;
				CLANG_WARN_DIRECT_OBJC_ISA_USAGE = YES_ERROR;
				CLANG_WARN_DOCUMENTATION_COMMENTS = YES;
				CLANG_WARN_EMPTY_BODY = YES;
				CLANG_WARN_ENUM_CONVERSION = YES;
				CLANG_WARN_INFINITE_RECURSION = YES;
				CLANG_WARN_INT_CONVERSION = YES;
				CLANG_WARN_NON_LITERAL_NULL_CONVERSION = YES;
				CLANG_WARN_OBJC_IMPLICIT_RETAIN_SELF = YES;
				CLANG_WARN_OBJC_LITERAL_CONVERSION = YES;
				CLANG_WARN_OBJC_ROOT_CLASS = YES_ERROR;
				CLANG_WARN_QUOTED_INCLUDE_IN_FRAMEWORK_HEADER = YES;
				CLANG_WARN_RANGE_LOOP_ANALYSIS = YES;
				CLANG_WARN_STRICT_PROTOTYPES = YES;
				CLANG_WARN_SUSPICIOUS_MOVE = YES;
				CLANG_WARN_UNGUARDED_AVAILABILITY = YES_AGGRESSIVE;
				CLANG_WARN_UNREACHABLE_CODE = YES;
				CLANG_WARN__DUPLICATE_METHOD_MATCH = YES;
				COPY_PHASE_STRIP = NO;
				DEBUG_INFORMATION_FORMAT = dwarf;
				ENABLE_STRICT_OBJC_MSGSEND = YES;
				ENABLE_TESTABILITY = YES;
				GCC_C_LANGUAGE_STANDARD = gnu11;
				GCC_DYNAMIC_NO_PIC = NO;
				GCC_NO_COMMON_BLOCKS = YES;
				GCC_OPTIMIZATION_LEVEL = 0;
				GCC_PREPROCESSOR_DEFINITIONS = (
					"DEBUG=1",
					"$(inherited)",
				);
				GCC_WARN_64_TO_32_BIT_CONVERSION = YES;
				GCC_WARN_ABOUT_RETURN_TYPE = YES_ERROR;
				GCC_WARN_UNDECLARED_SELECTOR = YES;
				GCC_WARN_UNINITIALIZED_AUTOS = YES_AGGRESSIVE;
				GCC_WARN_UNUSED_FUNCTION = YES;
				GCC_WARN_UNUSED_VARIABLE = YES;
				IPHONEOS_DEPLOYMENT_TARGET = 14.2;
				MTL_ENABLE_DEBUG_INFO = INCLUDE_SOURCE;
				MTL_FAST_MATH = YES;
				ONLY_ACTIVE_ARCH = YES;
				SDKROOT = iphoneos;
				SWIFT_ACTIVE_COMPILATION_CONDITIONS = DEBUG;
				SWIFT_OPTIMIZATION_LEVEL = "-Onone";
			};
			name = Debug;
		};
		6380368A2572793F00215D04 /* Release */ = {
			isa = XCBuildConfiguration;
			buildSettings = {
				ALWAYS_SEARCH_USER_PATHS = NO;
				CLANG_ANALYZER_NONNULL = YES;
				CLANG_ANALYZER_NUMBER_OBJECT_CONVERSION = YES_AGGRESSIVE;
				CLANG_CXX_LANGUAGE_STANDARD = "gnu++14";
				CLANG_CXX_LIBRARY = "libc++";
				CLANG_ENABLE_MODULES = YES;
				CLANG_ENABLE_OBJC_ARC = YES;
				CLANG_ENABLE_OBJC_WEAK = YES;
				CLANG_WARN_BLOCK_CAPTURE_AUTORELEASING = YES;
				CLANG_WARN_BOOL_CONVERSION = YES;
				CLANG_WARN_COMMA = YES;
				CLANG_WARN_CONSTANT_CONVERSION = YES;
				CLANG_WARN_DEPRECATED_OBJC_IMPLEMENTATIONS = YES;
				CLANG_WARN_DIRECT_OBJC_ISA_USAGE = YES_ERROR;
				CLANG_WARN_DOCUMENTATION_COMMENTS = YES;
				CLANG_WARN_EMPTY_BODY = YES;
				CLANG_WARN_ENUM_CONVERSION = YES;
				CLANG_WARN_INFINITE_RECURSION = YES;
				CLANG_WARN_INT_CONVERSION = YES;
				CLANG_WARN_NON_LITERAL_NULL_CONVERSION = YES;
				CLANG_WARN_OBJC_IMPLICIT_RETAIN_SELF = YES;
				CLANG_WARN_OBJC_LITERAL_CONVERSION = YES;
				CLANG_WARN_OBJC_ROOT_CLASS = YES_ERROR;
				CLANG_WARN_QUOTED_INCLUDE_IN_FRAMEWORK_HEADER = YES;
				CLANG_WARN_RANGE_LOOP_ANALYSIS = YES;
				CLANG_WARN_STRICT_PROTOTYPES = YES;
				CLANG_WARN_SUSPICIOUS_MOVE = YES;
				CLANG_WARN_UNGUARDED_AVAILABILITY = YES_AGGRESSIVE;
				CLANG_WARN_UNREACHABLE_CODE = YES;
				CLANG_WARN__DUPLICATE_METHOD_MATCH = YES;
				COPY_PHASE_STRIP = NO;
				DEBUG_INFORMATION_FORMAT = "dwarf-with-dsym";
				ENABLE_NS_ASSERTIONS = NO;
				ENABLE_STRICT_OBJC_MSGSEND = YES;
				GCC_C_LANGUAGE_STANDARD = gnu11;
				GCC_NO_COMMON_BLOCKS = YES;
				GCC_WARN_64_TO_32_BIT_CONVERSION = YES;
				GCC_WARN_ABOUT_RETURN_TYPE = YES_ERROR;
				GCC_WARN_UNDECLARED_SELECTOR = YES;
				GCC_WARN_UNINITIALIZED_AUTOS = YES_AGGRESSIVE;
				GCC_WARN_UNUSED_FUNCTION = YES;
				GCC_WARN_UNUSED_VARIABLE = YES;
				IPHONEOS_DEPLOYMENT_TARGET = 14.2;
				MTL_ENABLE_DEBUG_INFO = NO;
				MTL_FAST_MATH = YES;
				SDKROOT = iphoneos;
				SWIFT_COMPILATION_MODE = wholemodule;
				SWIFT_OPTIMIZATION_LEVEL = "-O";
				VALIDATE_PRODUCT = YES;
			};
			name = Release;
		};
		6380368C2572793F00215D04 /* Debug */ = {
			isa = XCBuildConfiguration;
			buildSettings = {
				ASSETCATALOG_COMPILER_APPICON_NAME = AppIcon;
				ASSETCATALOG_COMPILER_GLOBAL_ACCENT_COLOR_NAME = AccentColor;
				CODE_SIGN_STYLE = Automatic;
				DEVELOPMENT_ASSET_PATHS = "\"SimpleTodo/Preview Content\"";
				DEVELOPMENT_TEAM = 6782A9P274;
				ENABLE_PREVIEWS = YES;
				INFOPLIST_FILE = SimpleTodo/Info.plist;
				IPHONEOS_DEPLOYMENT_TARGET = 14.0;
				LD_RUNPATH_SEARCH_PATHS = (
					"$(inherited)",
					"@executable_path/Frameworks",
				);
				PRODUCT_BUNDLE_IDENTIFIER = "davidev-b.SimpleTodo";
				PRODUCT_NAME = "$(TARGET_NAME)";
				SWIFT_VERSION = 5.0;
				TARGETED_DEVICE_FAMILY = "1,2";
			};
			name = Debug;
		};
		6380368D2572793F00215D04 /* Release */ = {
			isa = XCBuildConfiguration;
			buildSettings = {
				ASSETCATALOG_COMPILER_APPICON_NAME = AppIcon;
				ASSETCATALOG_COMPILER_GLOBAL_ACCENT_COLOR_NAME = AccentColor;
				CODE_SIGN_STYLE = Automatic;
				DEVELOPMENT_ASSET_PATHS = "\"SimpleTodo/Preview Content\"";
				DEVELOPMENT_TEAM = 6782A9P274;
				ENABLE_PREVIEWS = YES;
				INFOPLIST_FILE = SimpleTodo/Info.plist;
				IPHONEOS_DEPLOYMENT_TARGET = 14.0;
				LD_RUNPATH_SEARCH_PATHS = (
					"$(inherited)",
					"@executable_path/Frameworks",
				);
				PRODUCT_BUNDLE_IDENTIFIER = "davidev-b.SimpleTodo";
				PRODUCT_NAME = "$(TARGET_NAME)";
				SWIFT_VERSION = 5.0;
				TARGETED_DEVICE_FAMILY = "1,2";
			};
			name = Release;
		};
/* End XCBuildConfiguration section */

/* Begin XCConfigurationList section */
		638036722572793F00215D04 /* Build configuration list for PBXProject "SimpleTodo" */ = {
			isa = XCConfigurationList;
			buildConfigurations = (
				638036892572793F00215D04 /* Debug */,
				6380368A2572793F00215D04 /* Release */,
			);
			defaultConfigurationIsVisible = 0;
			defaultConfigurationName = Release;
		};
		6380368B2572793F00215D04 /* Build configuration list for PBXNativeTarget "SimpleTodo" */ = {
			isa = XCConfigurationList;
			buildConfigurations = (
				6380368C2572793F00215D04 /* Debug */,
				6380368D2572793F00215D04 /* Release */,
			);
			defaultConfigurationIsVisible = 0;
			defaultConfigurationName = Release;
		};
/* End XCConfigurationList section */

/* Begin XCVersionGroup section */
		638036852572793F00215D04 /* SimpleTodo.xcdatamodeld */ = {
			isa = XCVersionGroup;
			children = (
				638036862572793F00215D04 /* SimpleTodo.xcdatamodel */,
			);
			currentVersion = 638036862572793F00215D04 /* SimpleTodo.xcdatamodel */;
			path = SimpleTodo.xcdatamodeld;
			sourceTree = "<group>";
			versionGroupType = wrapper.xcdatamodel;
		};
/* End XCVersionGroup section */
	};
	rootObject = 6380366F2572793F00215D04 /* Project object */;
}
